
Microsoft Visual Studio Solution File, Format Version 12.00
# Visual Studio Version 16
VisualStudioVersion = 16.0.34114.132
MinimumVisualStudioVersion = 10.0.40219.1
Project("{9A19103F-16F7-4668-BE54-9A1E7A4F7556}") = "FortniteEmpire", "FortniteEmpire\FortniteEmpire.csproj", "{F27985D2-B7EB-4C6B-B5AF-21CE621AAE24}"
EndProject
Project("{FAE04EC0-301F-11D3-BF4B-00C04F79EFBC}") = "Unit Testing", "Unit Testing\Unit Testing.csproj", "{7BEFB6AA-2262-49D4-A76F-6F7750A43F26}"
EndProject
Global
	GlobalSection(SolutionConfigurationPlatforms) = preSolution
		Debug|Any CPU = Debug|Any CPU
		Release|Any CPU = Release|Any CPU
	EndGlobalSection
	GlobalSection(ProjectConfigurationPlatforms) = postSolution
		{F27985D2-B7EB-4C6B-B5AF-21CE621AAE24}.Debug|Any CPU.ActiveCfg = Debug|Any CPU
		{F27985D2-B7EB-4C6B-B5AF-21CE621AAE24}.Debug|Any CPU.Build.0 = Debug|Any CPU
		{F27985D2-B7EB-4C6B-B5AF-21CE621AAE24}.Release|Any CPU.ActiveCfg = Release|Any CPU
		{F27985D2-B7EB-4C6B-B5AF-21CE621AAE24}.Release|Any CPU.Build.0 = Release|Any CPU
		{7BEFB6AA-2262-49D4-A76F-6F7750A43F26}.Debug|Any CPU.ActiveCfg = Debug|Any CPU
		{7BEFB6AA-2262-49D4-A76F-6F7750A43F26}.Debug|Any CPU.Build.0 = Debug|Any CPU
		{7BEFB6AA-2262-49D4-A76F-6F7750A43F26}.Release|Any CPU.ActiveCfg = Release|Any CPU
		{7BEFB6AA-2262-49D4-A76F-6F7750A43F26}.Release|Any CPU.Build.0 = Release|Any CPU
	EndGlobalSection
	GlobalSection(SolutionProperties) = preSolution
		HideSolutionNode = FALSE
	EndGlobalSection
	GlobalSection(ExtensibilityGlobals) = postSolution
		SolutionGuid = {5C122E44-0381-4706-BA92-93BA3611EACA}
	EndGlobalSection
EndGlobal
